// !$*UTF8*$!
{
	archiveVersion = 1;
	classes = {
	};
	objectVersion = 50;
	objects = {

/* Begin PBXBuildFile section */
		4600F2CF228562AB0030A5E5 /* TodoInput.storyboard in Resources */ = {isa = PBXBuildFile; fileRef = 4600F2CE228562AB0030A5E5 /* TodoInput.storyboard */; };
		4600F2D1228562CF0030A5E5 /* TodoInputViewController.swift in Sources */ = {isa = PBXBuildFile; fileRef = 4600F2D0228562CF0030A5E5 /* TodoInputViewController.swift */; };
		468290E42274461A00807757 /* AppDelegate.swift in Sources */ = {isa = PBXBuildFile; fileRef = 468290E32274461A00807757 /* AppDelegate.swift */; };
		468290EB2274461B00807757 /* Assets.xcassets in Resources */ = {isa = PBXBuildFile; fileRef = 468290EA2274461B00807757 /* Assets.xcassets */; };
		468290FB2274712000807757 /* CalenderViewController.swift in Sources */ = {isa = PBXBuildFile; fileRef = 468290FA2274712000807757 /* CalenderViewController.swift */; };
		468290FD2274713100807757 /* CalendarPresenter.swift in Sources */ = {isa = PBXBuildFile; fileRef = 468290FC2274713100807757 /* CalendarPresenter.swift */; };
		468290FF2274714100807757 /* CalendarModel.swift in Sources */ = {isa = PBXBuildFile; fileRef = 468290FE2274714100807757 /* CalendarModel.swift */; };
		468291012274717000807757 /* ListPresenter.swift in Sources */ = {isa = PBXBuildFile; fileRef = 468291002274717000807757 /* ListPresenter.swift */; };
		468291032274718000807757 /* ListModel.swift in Sources */ = {isa = PBXBuildFile; fileRef = 468291022274718000807757 /* ListModel.swift */; };
		468291052274718F00807757 /* ListViewController.swift in Sources */ = {isa = PBXBuildFile; fileRef = 468291042274718F00807757 /* ListViewController.swift */; };
		46829109227471AF00807757 /* TodoInputPresenter.swift in Sources */ = {isa = PBXBuildFile; fileRef = 46829108227471AF00807757 /* TodoInputPresenter.swift */; };
		4682910B227471BD00807757 /* TodoInputModel.swift in Sources */ = {isa = PBXBuildFile; fileRef = 4682910A227471BD00807757 /* TodoInputModel.swift */; };
		469A69E7227ECAF1002A82ED /* Calendar.storyboard in Resources */ = {isa = PBXBuildFile; fileRef = 469A69E6227ECAF1002A82ED /* Calendar.storyboard */; };
		469A69E9227ECB02002A82ED /* List.storyboard in Resources */ = {isa = PBXBuildFile; fileRef = 469A69E8227ECB02002A82ED /* List.storyboard */; };
		469A69F0227FAEB4002A82ED /* TaskViewViewController.swift in Sources */ = {isa = PBXBuildFile; fileRef = 469A69EF227FAEB4002A82ED /* TaskViewViewController.swift */; };
		469A69F2227FAEE8002A82ED /* TaskView.storyboard in Resources */ = {isa = PBXBuildFile; fileRef = 469A69F1227FAEE8002A82ED /* TaskView.storyboard */; };
		469A69F6227FB587002A82ED /* BottomButtonView.swift in Sources */ = {isa = PBXBuildFile; fileRef = 469A69F5227FB587002A82ED /* BottomButtonView.swift */; };
		469A69F8227FB599002A82ED /* BottomButtonView.xib in Resources */ = {isa = PBXBuildFile; fileRef = 469A69F7227FB599002A82ED /* BottomButtonView.xib */; };
		469A69FA227FC956002A82ED /* BottomButtonViewPresenter.swift in Sources */ = {isa = PBXBuildFile; fileRef = 469A69F9227FC956002A82ED /* BottomButtonViewPresenter.swift */; };
		469A69FC228007B9002A82ED /* TodoInputFormViewController.swift in Sources */ = {isa = PBXBuildFile; fileRef = 469A69FB228007B9002A82ED /* TodoInputFormViewController.swift */; };
		469A69FF22811DD3002A82ED /* UIExample.storyboard in Resources */ = {isa = PBXBuildFile; fileRef = 469A69FE22811DD3002A82ED /* UIExample.storyboard */; };
		469A6A0122811F53002A82ED /* UIExampleViewController.swift in Sources */ = {isa = PBXBuildFile; fileRef = 469A6A0022811F53002A82ED /* UIExampleViewController.swift */; };
		46E7A43B2274765200082EBF /* LaunchScreen.storyboard in Resources */ = {isa = PBXBuildFile; fileRef = 46E7A43A2274765200082EBF /* LaunchScreen.storyboard */; };
		8E73F294FC49B3135A160D0F /* Pods_todoApp.framework in Frameworks */ = {isa = PBXBuildFile; fileRef = 50F7EF1FBE88C197188747DF /* Pods_todoApp.framework */; };
/* End PBXBuildFile section */

/* Begin PBXFileReference section */
		06FAC81EEC051DFD5B2D0CF9 /* Pods-todoApp.debug.xcconfig */ = {isa = PBXFileReference; includeInIndex = 1; lastKnownFileType = text.xcconfig; name = "Pods-todoApp.debug.xcconfig"; path = "Pods/Target Support Files/Pods-todoApp/Pods-todoApp.debug.xcconfig"; sourceTree = "<group>"; };
		0EA9F6FBD664435123646A72 /* Pods-todoApp.release.xcconfig */ = {isa = PBXFileReference; includeInIndex = 1; lastKnownFileType = text.xcconfig; name = "Pods-todoApp.release.xcconfig"; path = "Pods/Target Support Files/Pods-todoApp/Pods-todoApp.release.xcconfig"; sourceTree = "<group>"; };
		4600F2CE228562AB0030A5E5 /* TodoInput.storyboard */ = {isa = PBXFileReference; lastKnownFileType = file.storyboard; path = TodoInput.storyboard; sourceTree = "<group>"; };
		4600F2D0228562CF0030A5E5 /* TodoInputViewController.swift */ = {isa = PBXFileReference; lastKnownFileType = sourcecode.swift; path = TodoInputViewController.swift; sourceTree = "<group>"; };
		468290E02274461A00807757 /* todoApp.app */ = {isa = PBXFileReference; explicitFileType = wrapper.application; includeInIndex = 0; path = todoApp.app; sourceTree = BUILT_PRODUCTS_DIR; };
		468290E32274461A00807757 /* AppDelegate.swift */ = {isa = PBXFileReference; lastKnownFileType = sourcecode.swift; path = AppDelegate.swift; sourceTree = "<group>"; };
		468290EA2274461B00807757 /* Assets.xcassets */ = {isa = PBXFileReference; lastKnownFileType = folder.assetcatalog; path = Assets.xcassets; sourceTree = "<group>"; };
		468290EF2274461B00807757 /* Info.plist */ = {isa = PBXFileReference; lastKnownFileType = text.plist.xml; path = Info.plist; sourceTree = "<group>"; };
		468290FA2274712000807757 /* CalenderViewController.swift */ = {isa = PBXFileReference; lastKnownFileType = sourcecode.swift; path = CalenderViewController.swift; sourceTree = "<group>"; };
		468290FC2274713100807757 /* CalendarPresenter.swift */ = {isa = PBXFileReference; lastKnownFileType = sourcecode.swift; path = CalendarPresenter.swift; sourceTree = "<group>"; };
		468290FE2274714100807757 /* CalendarModel.swift */ = {isa = PBXFileReference; lastKnownFileType = sourcecode.swift; path = CalendarModel.swift; sourceTree = "<group>"; };
		468291002274717000807757 /* ListPresenter.swift */ = {isa = PBXFileReference; lastKnownFileType = sourcecode.swift; path = ListPresenter.swift; sourceTree = "<group>"; };
		468291022274718000807757 /* ListModel.swift */ = {isa = PBXFileReference; lastKnownFileType = sourcecode.swift; path = ListModel.swift; sourceTree = "<group>"; };
		468291042274718F00807757 /* ListViewController.swift */ = {isa = PBXFileReference; lastKnownFileType = sourcecode.swift; path = ListViewController.swift; sourceTree = "<group>"; };
		46829108227471AF00807757 /* TodoInputPresenter.swift */ = {isa = PBXFileReference; lastKnownFileType = sourcecode.swift; path = TodoInputPresenter.swift; sourceTree = "<group>"; };
		4682910A227471BD00807757 /* TodoInputModel.swift */ = {isa = PBXFileReference; lastKnownFileType = sourcecode.swift; path = TodoInputModel.swift; sourceTree = "<group>"; };
		469A69E6227ECAF1002A82ED /* Calendar.storyboard */ = {isa = PBXFileReference; lastKnownFileType = file.storyboard; path = Calendar.storyboard; sourceTree = "<group>"; };
		469A69E8227ECB02002A82ED /* List.storyboard */ = {isa = PBXFileReference; lastKnownFileType = file.storyboard; path = List.storyboard; sourceTree = "<group>"; };
		469A69EF227FAEB4002A82ED /* TaskViewViewController.swift */ = {isa = PBXFileReference; lastKnownFileType = sourcecode.swift; path = TaskViewViewController.swift; sourceTree = "<group>"; };
		469A69F1227FAEE8002A82ED /* TaskView.storyboard */ = {isa = PBXFileReference; lastKnownFileType = file.storyboard; path = TaskView.storyboard; sourceTree = "<group>"; };
		469A69F5227FB587002A82ED /* BottomButtonView.swift */ = {isa = PBXFileReference; lastKnownFileType = sourcecode.swift; path = BottomButtonView.swift; sourceTree = "<group>"; };
		469A69F7227FB599002A82ED /* BottomButtonView.xib */ = {isa = PBXFileReference; lastKnownFileType = file.xib; path = BottomButtonView.xib; sourceTree = "<group>"; };
		469A69F9227FC956002A82ED /* BottomButtonViewPresenter.swift */ = {isa = PBXFileReference; lastKnownFileType = sourcecode.swift; path = BottomButtonViewPresenter.swift; sourceTree = "<group>"; };
		469A69FB228007B9002A82ED /* TodoInputFormViewController.swift */ = {isa = PBXFileReference; lastKnownFileType = sourcecode.swift; path = TodoInputFormViewController.swift; sourceTree = "<group>"; };
		469A69FE22811DD3002A82ED /* UIExample.storyboard */ = {isa = PBXFileReference; lastKnownFileType = file.storyboard; path = UIExample.storyboard; sourceTree = "<group>"; };
		469A6A0022811F53002A82ED /* UIExampleViewController.swift */ = {isa = PBXFileReference; lastKnownFileType = sourcecode.swift; path = UIExampleViewController.swift; sourceTree = "<group>"; };
		46E7A43A2274765200082EBF /* LaunchScreen.storyboard */ = {isa = PBXFileReference; lastKnownFileType = file.storyboard; path = LaunchScreen.storyboard; sourceTree = "<group>"; };
		50F7EF1FBE88C197188747DF /* Pods_todoApp.framework */ = {isa = PBXFileReference; explicitFileType = wrapper.framework; includeInIndex = 0; path = Pods_todoApp.framework; sourceTree = BUILT_PRODUCTS_DIR; };
/* End PBXFileReference section */

/* Begin PBXFrameworksBuildPhase section */
		468290DD2274461A00807757 /* Frameworks */ = {
			isa = PBXFrameworksBuildPhase;
			buildActionMask = 2147483647;
			files = (
				8E73F294FC49B3135A160D0F /* Pods_todoApp.framework in Frameworks */,
			);
			runOnlyForDeploymentPostprocessing = 0;
		};
/* End PBXFrameworksBuildPhase section */

/* Begin PBXGroup section */
		468290D72274461A00807757 = {
			isa = PBXGroup;
			children = (
				468290E22274461A00807757 /* todoApp */,
				468290E12274461A00807757 /* Products */,
				819E9D92B3230B7C8CD44F42 /* Pods */,
				F61CA41314F29ACC753CE99D /* Frameworks */,
			);
			sourceTree = "<group>";
		};
		468290E12274461A00807757 /* Products */ = {
			isa = PBXGroup;
			children = (
				468290E02274461A00807757 /* todoApp.app */,
			);
			name = Products;
			sourceTree = "<group>";
		};
		468290E22274461A00807757 /* todoApp */ = {
			isa = PBXGroup;
			children = (
				468290E32274461A00807757 /* AppDelegate.swift */,
				46E7A43A2274765200082EBF /* LaunchScreen.storyboard */,
				46E7A43D2274769800082EBF /* resource */,
				46E7A43E2274771300082EBF /* src */,
			);
			path = todoApp;
			sourceTree = "<group>";
		};
		468290F52274701200807757 /* TodoInput */ = {
			isa = PBXGroup;
			children = (
				469A69FB228007B9002A82ED /* TodoInputFormViewController.swift */,
				4600F2CE228562AB0030A5E5 /* TodoInput.storyboard */,
				4600F2D0228562CF0030A5E5 /* TodoInputViewController.swift */,
				46829108227471AF00807757 /* TodoInputPresenter.swift */,
				4682910A227471BD00807757 /* TodoInputModel.swift */,
			);
			path = TodoInput;
			sourceTree = "<group>";
		};
		468290F62274701700807757 /* List */ = {
			isa = PBXGroup;
			children = (
				469A69E8227ECB02002A82ED /* List.storyboard */,
				468291042274718F00807757 /* ListViewController.swift */,
				468291002274717000807757 /* ListPresenter.swift */,
				468291022274718000807757 /* ListModel.swift */,
			);
			path = List;
			sourceTree = "<group>";
		};
		468290F72274701D00807757 /* Calendar */ = {
			isa = PBXGroup;
			children = (
				469A69E6227ECAF1002A82ED /* Calendar.storyboard */,
				468290FA2274712000807757 /* CalenderViewController.swift */,
				468290FC2274713100807757 /* CalendarPresenter.swift */,
				468290FE2274714100807757 /* CalendarModel.swift */,
			);
			path = Calendar;
			sourceTree = "<group>";
		};
		469A69EC227FAE5C002A82ED /* TaskView */ = {
			isa = PBXGroup;
			children = (
				469A69F1227FAEE8002A82ED /* TaskView.storyboard */,
				469A69EF227FAEB4002A82ED /* TaskViewViewController.swift */,
			);
			path = TaskView;
			sourceTree = "<group>";
		};
		469A69FD228100E4002A82ED /* BottomButtonView */ = {
			isa = PBXGroup;
			children = (
				469A69F7227FB599002A82ED /* BottomButtonView.xib */,
				469A69F5227FB587002A82ED /* BottomButtonView.swift */,
				469A69F9227FC956002A82ED /* BottomButtonViewPresenter.swift */,
			);
			path = BottomButtonView;
			sourceTree = "<group>";
		};
		46E7A43C2274767700082EBF /* util */ = {
			isa = PBXGroup;
			children = (
				469A69FD228100E4002A82ED /* BottomButtonView */,
				469A69EC227FAE5C002A82ED /* TaskView */,
			);
			path = util;
			sourceTree = "<group>";
		};
		46E7A43D2274769800082EBF /* resource */ = {
			isa = PBXGroup;
			children = (
				468290EA2274461B00807757 /* Assets.xcassets */,
				468290EF2274461B00807757 /* Info.plist */,
			);
			path = resource;
			sourceTree = "<group>";
		};
		46E7A43E2274771300082EBF /* src */ = {
			isa = PBXGroup;
			children = (
				469A69FE22811DD3002A82ED /* UIExample.storyboard */,
				469A6A0022811F53002A82ED /* UIExampleViewController.swift */,
				46E7A43C2274767700082EBF /* util */,
				468290F72274701D00807757 /* Calendar */,
				468290F62274701700807757 /* List */,
				468290F52274701200807757 /* TodoInput */,
			);
			path = src;
			sourceTree = "<group>";
		};
		819E9D92B3230B7C8CD44F42 /* Pods */ = {
			isa = PBXGroup;
			children = (
				06FAC81EEC051DFD5B2D0CF9 /* Pods-todoApp.debug.xcconfig */,
				0EA9F6FBD664435123646A72 /* Pods-todoApp.release.xcconfig */,
			);
			name = Pods;
			sourceTree = "<group>";
		};
		F61CA41314F29ACC753CE99D /* Frameworks */ = {
			isa = PBXGroup;
			children = (
				50F7EF1FBE88C197188747DF /* Pods_todoApp.framework */,
			);
			name = Frameworks;
			sourceTree = "<group>";
		};
/* End PBXGroup section */

/* Begin PBXNativeTarget section */
		468290DF2274461A00807757 /* todoApp */ = {
			isa = PBXNativeTarget;
			buildConfigurationList = 468290F22274461B00807757 /* Build configuration list for PBXNativeTarget "todoApp" */;
			buildPhases = (
				6D6349BFE8701662395CE7C4 /* [CP] Check Pods Manifest.lock */,
				468290DC2274461A00807757 /* Sources */,
				468290DD2274461A00807757 /* Frameworks */,
				468290DE2274461A00807757 /* Resources */,
				1EB280ABE09C3578F5528260 /* [CP] Embed Pods Frameworks */,
			);
			buildRules = (
			);
			dependencies = (
			);
			name = todoApp;
			productName = todoApp;
			productReference = 468290E02274461A00807757 /* todoApp.app */;
			productType = "com.apple.product-type.application";
		};
/* End PBXNativeTarget section */

/* Begin PBXProject section */
		468290D82274461A00807757 /* Project object */ = {
			isa = PBXProject;
			attributes = {
				LastSwiftUpdateCheck = 1010;
				LastUpgradeCheck = 1010;
				ORGANIZATIONNAME = kwtkMe;
				TargetAttributes = {
					468290DF2274461A00807757 = {
						CreatedOnToolsVersion = 10.1;
					};
				};
			};
			buildConfigurationList = 468290DB2274461A00807757 /* Build configuration list for PBXProject "todoApp" */;
			compatibilityVersion = "Xcode 9.3";
			developmentRegion = en;
			hasScannedForEncodings = 0;
			knownRegions = (
				en,
				Base,
			);
			mainGroup = 468290D72274461A00807757;
			productRefGroup = 468290E12274461A00807757 /* Products */;
			projectDirPath = "";
			projectRoot = "";
			targets = (
				468290DF2274461A00807757 /* todoApp */,
			);
		};
/* End PBXProject section */

/* Begin PBXResourcesBuildPhase section */
		468290DE2274461A00807757 /* Resources */ = {
			isa = PBXResourcesBuildPhase;
			buildActionMask = 2147483647;
			files = (
				469A69F2227FAEE8002A82ED /* TaskView.storyboard in Resources */,
				4600F2CF228562AB0030A5E5 /* TodoInput.storyboard in Resources */,
				469A69F8227FB599002A82ED /* BottomButtonView.xib in Resources */,
				469A69E7227ECAF1002A82ED /* Calendar.storyboard in Resources */,
				46E7A43B2274765200082EBF /* LaunchScreen.storyboard in Resources */,
				469A69E9227ECB02002A82ED /* List.storyboard in Resources */,
				469A69FF22811DD3002A82ED /* UIExample.storyboard in Resources */,
				468290EB2274461B00807757 /* Assets.xcassets in Resources */,
			);
			runOnlyForDeploymentPostprocessing = 0;
		};
/* End PBXResourcesBuildPhase section */

/* Begin PBXShellScriptBuildPhase section */
		1EB280ABE09C3578F5528260 /* [CP] Embed Pods Frameworks */ = {
			isa = PBXShellScriptBuildPhase;
			buildActionMask = 2147483647;
			files = (
			);
			inputPaths = (
				"${SRCROOT}/Pods/Target Support Files/Pods-todoApp/Pods-todoApp-frameworks.sh",
				"${BUILT_PRODUCTS_DIR}/CalculateCalendarLogic/CalculateCalendarLogic.framework",
				"${BUILT_PRODUCTS_DIR}/Eureka/Eureka.framework",
				"${BUILT_PRODUCTS_DIR}/FSCalendar/FSCalendar.framework",
				"${BUILT_PRODUCTS_DIR}/Realm/Realm.framework",
				"${BUILT_PRODUCTS_DIR}/RealmSwift/RealmSwift.framework",
			);
			name = "[CP] Embed Pods Frameworks";
			outputPaths = (
				"${TARGET_BUILD_DIR}/${FRAMEWORKS_FOLDER_PATH}/CalculateCalendarLogic.framework",
				"${TARGET_BUILD_DIR}/${FRAMEWORKS_FOLDER_PATH}/Eureka.framework",
				"${TARGET_BUILD_DIR}/${FRAMEWORKS_FOLDER_PATH}/FSCalendar.framework",
				"${TARGET_BUILD_DIR}/${FRAMEWORKS_FOLDER_PATH}/Realm.framework",
				"${TARGET_BUILD_DIR}/${FRAMEWORKS_FOLDER_PATH}/RealmSwift.framework",
			);
			runOnlyForDeploymentPostprocessing = 0;
			shellPath = /bin/sh;
			shellScript = "\"${SRCROOT}/Pods/Target Support Files/Pods-todoApp/Pods-todoApp-frameworks.sh\"\n";
			showEnvVarsInLog = 0;
		};
		6D6349BFE8701662395CE7C4 /* [CP] Check Pods Manifest.lock */ = {
			isa = PBXShellScriptBuildPhase;
			buildActionMask = 2147483647;
			files = (
			);
			inputPaths = (
				"${PODS_PODFILE_DIR_PATH}/Podfile.lock",
				"${PODS_ROOT}/Manifest.lock",
			);
			name = "[CP] Check Pods Manifest.lock";
			outputPaths = (
				"$(DERIVED_FILE_DIR)/Pods-todoApp-checkManifestLockResult.txt",
			);
			runOnlyForDeploymentPostprocessing = 0;
			shellPath = /bin/sh;
			shellScript = "diff \"${PODS_PODFILE_DIR_PATH}/Podfile.lock\" \"${PODS_ROOT}/Manifest.lock\" > /dev/null\nif [ $? != 0 ] ; then\n    # print error to STDERR\n    echo \"error: The sandbox is not in sync with the Podfile.lock. Run 'pod install' or update your CocoaPods installation.\" >&2\n    exit 1\nfi\n# This output is used by Xcode 'outputs' to avoid re-running this script phase.\necho \"SUCCESS\" > \"${SCRIPT_OUTPUT_FILE_0}\"\n";
			showEnvVarsInLog = 0;
		};
/* End PBXShellScriptBuildPhase section */

/* Begin PBXSourcesBuildPhase section */
		468290DC2274461A00807757 /* Sources */ = {
			isa = PBXSourcesBuildPhase;
			buildActionMask = 2147483647;
			files = (
				4682910B227471BD00807757 /* TodoInputModel.swift in Sources */,
				468291052274718F00807757 /* ListViewController.swift in Sources */,
				469A69FA227FC956002A82ED /* BottomButtonViewPresenter.swift in Sources */,
				469A69F0227FAEB4002A82ED /* TaskViewViewController.swift in Sources */,
				46829109227471AF00807757 /* TodoInputPresenter.swift in Sources */,
				468291012274717000807757 /* ListPresenter.swift in Sources */,
				468290FD2274713100807757 /* CalendarPresenter.swift in Sources */,
				468290FB2274712000807757 /* CalenderViewController.swift in Sources */,
				469A69FC228007B9002A82ED /* TodoInputFormViewController.swift in Sources */,
				468290FF2274714100807757 /* CalendarModel.swift in Sources */,
				4600F2D1228562CF0030A5E5 /* TodoInputViewController.swift in Sources */,
				469A69F6227FB587002A82ED /* BottomButtonView.swift in Sources */,
				468291032274718000807757 /* ListModel.swift in Sources */,
				468290E42274461A00807757 /* AppDelegate.swift in Sources */,
				469A6A0122811F53002A82ED /* UIExampleViewController.swift in Sources */,
			);
			runOnlyForDeploymentPostprocessing = 0;
		};
/* End PBXSourcesBuildPhase section */

/* Begin XCBuildConfiguration section */
		468290F02274461B00807757 /* Debug */ = {
			isa = XCBuildConfiguration;
			buildSettings = {
				ALWAYS_SEARCH_USER_PATHS = NO;
				CLANG_ANALYZER_NONNULL = YES;
				CLANG_ANALYZER_NUMBER_OBJECT_CONVERSION = YES_AGGRESSIVE;
				CLANG_CXX_LANGUAGE_STANDARD = "gnu++14";
				CLANG_CXX_LIBRARY = "libc++";
				CLANG_ENABLE_MODULES = YES;
				CLANG_ENABLE_OBJC_ARC = YES;
				CLANG_ENABLE_OBJC_WEAK = YES;
				CLANG_WARN_BLOCK_CAPTURE_AUTORELEASING = YES;
				CLANG_WARN_BOOL_CONVERSION = YES;
				CLANG_WARN_COMMA = YES;
				CLANG_WARN_CONSTANT_CONVERSION = YES;
				CLANG_WARN_DEPRECATED_OBJC_IMPLEMENTATIONS = YES;
				CLANG_WARN_DIRECT_OBJC_ISA_USAGE = YES_ERROR;
				CLANG_WARN_DOCUMENTATION_COMMENTS = YES;
				CLANG_WARN_EMPTY_BODY = YES;
				CLANG_WARN_ENUM_CONVERSION = YES;
				CLANG_WARN_INFINITE_RECURSION = YES;
				CLANG_WARN_INT_CONVERSION = YES;
				CLANG_WARN_NON_LITERAL_NULL_CONVERSION = YES;
				CLANG_WARN_OBJC_IMPLICIT_RETAIN_SELF = YES;
				CLANG_WARN_OBJC_LITERAL_CONVERSION = YES;
				CLANG_WARN_OBJC_ROOT_CLASS = YES_ERROR;
				CLANG_WARN_RANGE_LOOP_ANALYSIS = YES;
				CLANG_WARN_STRICT_PROTOTYPES = YES;
				CLANG_WARN_SUSPICIOUS_MOVE = YES;
				CLANG_WARN_UNGUARDED_AVAILABILITY = YES_AGGRESSIVE;
				CLANG_WARN_UNREACHABLE_CODE = YES;
				CLANG_WARN__DUPLICATE_METHOD_MATCH = YES;
				CODE_SIGN_IDENTITY = "iPhone Developer";
				COPY_PHASE_STRIP = NO;
				DEBUG_INFORMATION_FORMAT = dwarf;
				ENABLE_STRICT_OBJC_MSGSEND = YES;
				ENABLE_TESTABILITY = YES;
				GCC_C_LANGUAGE_STANDARD = gnu11;
				GCC_DYNAMIC_NO_PIC = NO;
				GCC_NO_COMMON_BLOCKS = YES;
				GCC_OPTIMIZATION_LEVEL = 0;
				GCC_PREPROCESSOR_DEFINITIONS = (
					"DEBUG=1",
					"$(inherited)",
				);
				GCC_WARN_64_TO_32_BIT_CONVERSION = YES;
				GCC_WARN_ABOUT_RETURN_TYPE = YES_ERROR;
				GCC_WARN_UNDECLARED_SELECTOR = YES;
				GCC_WARN_UNINITIALIZED_AUTOS = YES_AGGRESSIVE;
				GCC_WARN_UNUSED_FUNCTION = YES;
				GCC_WARN_UNUSED_VARIABLE = YES;
				IPHONEOS_DEPLOYMENT_TARGET = 12.1;
				MTL_ENABLE_DEBUG_INFO = INCLUDE_SOURCE;
				MTL_FAST_MATH = YES;
				ONLY_ACTIVE_ARCH = YES;
				SDKROOT = iphoneos;
				SWIFT_ACTIVE_COMPILATION_CONDITIONS = DEBUG;
				SWIFT_OPTIMIZATION_LEVEL = "-Onone";
			};
			name = Debug;
		};
		468290F12274461B00807757 /* Release */ = {
			isa = XCBuildConfiguration;
			buildSettings = {
				ALWAYS_SEARCH_USER_PATHS = NO;
				CLANG_ANALYZER_NONNULL = YES;
				CLANG_ANALYZER_NUMBER_OBJECT_CONVERSION = YES_AGGRESSIVE;
				CLANG_CXX_LANGUAGE_STANDARD = "gnu++14";
				CLANG_CXX_LIBRARY = "libc++";
				CLANG_ENABLE_MODULES = YES;
				CLANG_ENABLE_OBJC_ARC = YES;
				CLANG_ENABLE_OBJC_WEAK = YES;
				CLANG_WARN_BLOCK_CAPTURE_AUTORELEASING = YES;
				CLANG_WARN_BOOL_CONVERSION = YES;
				CLANG_WARN_COMMA = YES;
				CLANG_WARN_CONSTANT_CONVERSION = YES;
				CLANG_WARN_DEPRECATED_OBJC_IMPLEMENTATIONS = YES;
				CLANG_WARN_DIRECT_OBJC_ISA_USAGE = YES_ERROR;
				CLANG_WARN_DOCUMENTATION_COMMENTS = YES;
				CLANG_WARN_EMPTY_BODY = YES;
				CLANG_WARN_ENUM_CONVERSION = YES;
				CLANG_WARN_INFINITE_RECURSION = YES;
				CLANG_WARN_INT_CONVERSION = YES;
				CLANG_WARN_NON_LITERAL_NULL_CONVERSION = YES;
				CLANG_WARN_OBJC_IMPLICIT_RETAIN_SELF = YES;
				CLANG_WARN_OBJC_LITERAL_CONVERSION = YES;
				CLANG_WARN_OBJC_ROOT_CLASS = YES_ERROR;
				CLANG_WARN_RANGE_LOOP_ANALYSIS = YES;
				CLANG_WARN_STRICT_PROTOTYPES = YES;
				CLANG_WARN_SUSPICIOUS_MOVE = YES;
				CLANG_WARN_UNGUARDED_AVAILABILITY = YES_AGGRESSIVE;
				CLANG_WARN_UNREACHABLE_CODE = YES;
				CLANG_WARN__DUPLICATE_METHOD_MATCH = YES;
				CODE_SIGN_IDENTITY = "iPhone Developer";
				COPY_PHASE_STRIP = NO;
				DEBUG_INFORMATION_FORMAT = "dwarf-with-dsym";
				ENABLE_NS_ASSERTIONS = NO;
				ENABLE_STRICT_OBJC_MSGSEND = YES;
				GCC_C_LANGUAGE_STANDARD = gnu11;
				GCC_NO_COMMON_BLOCKS = YES;
				GCC_WARN_64_TO_32_BIT_CONVERSION = YES;
				GCC_WARN_ABOUT_RETURN_TYPE = YES_ERROR;
				GCC_WARN_UNDECLARED_SELECTOR = YES;
				GCC_WARN_UNINITIALIZED_AUTOS = YES_AGGRESSIVE;
				GCC_WARN_UNUSED_FUNCTION = YES;
				GCC_WARN_UNUSED_VARIABLE = YES;
				IPHONEOS_DEPLOYMENT_TARGET = 12.1;
				MTL_ENABLE_DEBUG_INFO = NO;
				MTL_FAST_MATH = YES;
				SDKROOT = iphoneos;
				SWIFT_COMPILATION_MODE = wholemodule;
				SWIFT_OPTIMIZATION_LEVEL = "-O";
				VALIDATE_PRODUCT = YES;
			};
			name = Release;
		};
		468290F32274461B00807757 /* Debug */ = {
			isa = XCBuildConfiguration;
			baseConfigurationReference = 06FAC81EEC051DFD5B2D0CF9 /* Pods-todoApp.debug.xcconfig */;
			buildSettings = {
				ASSETCATALOG_COMPILER_APPICON_NAME = AppIcon;
				CODE_SIGN_STYLE = Automatic;
				DEVELOPMENT_TEAM = T76YCQUHFU;
				INFOPLIST_FILE = "$(SRCROOT)/todoApp/resource/Info.plist";
				LD_RUNPATH_SEARCH_PATHS = (
					"$(inherited)",
					"@executable_path/Frameworks",
				);
				PRODUCT_BUNDLE_IDENTIFIER = com.Reverse.todoApp;
				PRODUCT_NAME = "$(TARGET_NAME)";
				SWIFT_VERSION = 4.2;
				TARGETED_DEVICE_FAMILY = "1,2";
			};
			name = Debug;
		};
		468290F42274461B00807757 /* Release */ = {
			isa = XCBuildConfiguration;
			baseConfigurationReference = 0EA9F6FBD664435123646A72 /* Pods-todoApp.release.xcconfig */;
			buildSettings = {
				ASSETCATALOG_COMPILER_APPICON_NAME = AppIcon;
				CODE_SIGN_STYLE = Automatic;
				DEVELOPMENT_TEAM = T76YCQUHFU;
				INFOPLIST_FILE = "$(SRCROOT)/todoApp/resource/Info.plist";
				LD_RUNPATH_SEARCH_PATHS = (
					"$(inherited)",
					"@executable_path/Frameworks",
				);
				PRODUCT_BUNDLE_IDENTIFIER = com.Reverse.todoApp;
				PRODUCT_NAME = "$(TARGET_NAME)";
				SWIFT_VERSION = 4.2;
				TARGETED_DEVICE_FAMILY = "1,2";
			};
			name = Release;
		};
/* End XCBuildConfiguration section */

/* Begin XCConfigurationList section */
		468290DB2274461A00807757 /* Build configuration list for PBXProject "todoApp" */ = {
			isa = XCConfigurationList;
			buildConfigurations = (
				468290F02274461B00807757 /* Debug */,
				468290F12274461B00807757 /* Release */,
			);
			defaultConfigurationIsVisible = 0;
			defaultConfigurationName = Release;
		};
		468290F22274461B00807757 /* Build configuration list for PBXNativeTarget "todoApp" */ = {
			isa = XCConfigurationList;
			buildConfigurations = (
				468290F32274461B00807757 /* Debug */,
				468290F42274461B00807757 /* Release */,
			);
			defaultConfigurationIsVisible = 0;
			defaultConfigurationName = Release;
		};
/* End XCConfigurationList section */
	};
	rootObject = 468290D82274461A00807757 /* Project object */;
}
